
Microsoft Visual Studio Solution File, Format Version 11.00
# Visual Studio 2010
Project("{FAE04EC0-301F-11D3-BF4B-00C04F79EFBC}") = "ModelBuilder", "ModelBuilder\ModelBuilder.csproj", "{02219FDE-ECA7-4594-BEC9-483F170302C9}"
EndProject
Project("{FAE04EC0-301F-11D3-BF4B-00C04F79EFBC}") = "Templates", "Templates\Templates.csproj", "{B2C63717-59FE-4777-8193-AE3F13934705}"
EndProject
Project("{FAE04EC0-301F-11D3-BF4B-00C04F79EFBC}") = "ModelCfg", "ModelCfg\ModelCfg.csproj", "{23D24AA7-A756-4584-ADE7-6DE8D41E9B56}"
EndProject
Project("{2150E333-8FDC-42A3-9474-1A3956D46DE8}") = "Model", "Model", "{06569E5F-AA19-431F-99B9-A08CC5390DAA}"
EndProject
Global
	GlobalSection(SolutionConfigurationPlatforms) = preSolution
		Debug|Any CPU = Debug|Any CPU
		Debug|Mixed Platforms = Debug|Mixed Platforms
		Debug|x86 = Debug|x86
		Release|Any CPU = Release|Any CPU
		Release|Mixed Platforms = Release|Mixed Platforms
		Release|x86 = Release|x86
	EndGlobalSection
	GlobalSection(ProjectConfigurationPlatforms) = postSolution
		{02219FDE-ECA7-4594-BEC9-483F170302C9}.Debug|Any CPU.ActiveCfg = Debug|Any CPU
		{02219FDE-ECA7-4594-BEC9-483F170302C9}.Debug|Any CPU.Build.0 = Debug|Any CPU
		{02219FDE-ECA7-4594-BEC9-483F170302C9}.Debug|Mixed Platforms.ActiveCfg = Debug|Any CPU
		{02219FDE-ECA7-4594-BEC9-483F170302C9}.Debug|Mixed Platforms.Build.0 = Debug|Any CPU
		{02219FDE-ECA7-4594-BEC9-483F170302C9}.Debug|x86.ActiveCfg = Debug|Any CPU
		{02219FDE-ECA7-4594-BEC9-483F170302C9}.Release|Any CPU.ActiveCfg = Release|Any CPU
		{02219FDE-ECA7-4594-BEC9-483F170302C9}.Release|Any CPU.Build.0 = Release|Any CPU
		{02219FDE-ECA7-4594-BEC9-483F170302C9}.Release|Mixed Platforms.ActiveCfg = Release|Any CPU
		{02219FDE-ECA7-4594-BEC9-483F170302C9}.Release|Mixed Platforms.Build.0 = Release|Any CPU
		{02219FDE-ECA7-4594-BEC9-483F170302C9}.Release|x86.ActiveCfg = Release|Any CPU
		{B2C63717-59FE-4777-8193-AE3F13934705}.Debug|Any CPU.ActiveCfg = Debug|Any CPU
		{B2C63717-59FE-4777-8193-AE3F13934705}.Debug|Any CPU.Build.0 = Debug|Any CPU
		{B2C63717-59FE-4777-8193-AE3F13934705}.Debug|Mixed Platforms.ActiveCfg = Debug|Any CPU
		{B2C63717-59FE-4777-8193-AE3F13934705}.Debug|Mixed Platforms.Build.0 = Debug|Any CPU
		{B2C63717-59FE-4777-8193-AE3F13934705}.Debug|x86.ActiveCfg = Debug|Any CPU
		{B2C63717-59FE-4777-8193-AE3F13934705}.Release|Any CPU.ActiveCfg = Release|Any CPU
		{B2C63717-59FE-4777-8193-AE3F13934705}.Release|Any CPU.Build.0 = Release|Any CPU
		{B2C63717-59FE-4777-8193-AE3F13934705}.Release|Mixed Platforms.ActiveCfg = Release|Any CPU
		{B2C63717-59FE-4777-8193-AE3F13934705}.Release|Mixed Platforms.Build.0 = Release|Any CPU
		{B2C63717-59FE-4777-8193-AE3F13934705}.Release|x86.ActiveCfg = Release|Any CPU
		{23D24AA7-A756-4584-ADE7-6DE8D41E9B56}.Debug|Any CPU.ActiveCfg = Debug|x86
		{23D24AA7-A756-4584-ADE7-6DE8D41E9B56}.Debug|Mixed Platforms.ActiveCfg = Debug|x86
		{23D24AA7-A756-4584-ADE7-6DE8D41E9B56}.Debug|Mixed Platforms.Build.0 = Debug|x86
		{23D24AA7-A756-4584-ADE7-6DE8D41E9B56}.Debug|x86.ActiveCfg = Debug|x86
		{23D24AA7-A756-4584-ADE7-6DE8D41E9B56}.Debug|x86.Build.0 = Debug|x86
		{23D24AA7-A756-4584-ADE7-6DE8D41E9B56}.Release|Any CPU.ActiveCfg = Release|x86
		{23D24AA7-A756-4584-ADE7-6DE8D41E9B56}.Release|Mixed Platforms.ActiveCfg = Release|x86
		{23D24AA7-A756-4584-ADE7-6DE8D41E9B56}.Release|Mixed Platforms.Build.0 = Release|x86
		{23D24AA7-A756-4584-ADE7-6DE8D41E9B56}.Release|x86.ActiveCfg = Release|x86
		{23D24AA7-A756-4584-ADE7-6DE8D41E9B56}.Release|x86.Build.0 = Release|x86
	EndGlobalSection
	GlobalSection(SolutionProperties) = preSolution
		HideSolutionNode = FALSE
	EndGlobalSection
	GlobalSection(NestedProjects) = preSolution
		{02219FDE-ECA7-4594-BEC9-483F170302C9} = {06569E5F-AA19-431F-99B9-A08CC5390DAA}
		{23D24AA7-A756-4584-ADE7-6DE8D41E9B56} = {06569E5F-AA19-431F-99B9-A08CC5390DAA}
	EndGlobalSection
EndGlobal
